
Microsoft Visual Studio Solution File, Format Version 12.00
# Visual Studio 2012
Project("{8BC9CEB8-8B4A-11D0-8D11-00A0C91BC942}") = "TCParser", "TCParser.vcxproj", "{62212345-17DB-4AA8-984A-07E5D9399209}"
EndProject
Global
	GlobalSection(SolutionConfigurationPlatforms) = preSolution
		Debug|Win32 = Debug|Win32
		Release|Win32 = Release|Win32
	EndGlobalSection
	GlobalSection(ProjectConfigurationPlatforms) = postSolution
		{62212345-17DB-4AA8-984A-07E5D9399209}.Debug|Win32.ActiveCfg = Debug|Win32
		{62212345-17DB-4AA8-984A-07E5D9399209}.Debug|Win32.Build.0 = Debug|Win32
		{62212345-17DB-4AA8-984A-07E5D9399209}.Release|Win32.ActiveCfg = Release|Win32
		{62212345-17DB-4AA8-984A-07E5D9399209}.Release|Win32.Build.0 = Release|Win32
	EndGlobalSection
	GlobalSection(SolutionProperties) = preSolution
		HideSolutionNode = FALSE
	EndGlobalSection
EndGlobal
